<Project xmlns="http://schemas.microsoft.com/developer/msbuild/2003">
    <PropertyGroup>
        <Base>True</Base>
        <AppType>Library</AppType>
        <Config Condition="'$(Config)'==''">Release</Config>
        <FrameworkType>None</FrameworkType>
        <MainSource>mod_cardgame.dpr</MainSource>
        <Platform Condition="'$(Platform)'==''">Linux64</Platform>
        <ProjectGuid>{48D3A563-56CE-4047-A60A-9C90C1F96039}</ProjectGuid>
        <ProjectVersion>18.8</ProjectVersion>
        <TargetedPlatforms>129</TargetedPlatforms>
    </PropertyGroup>
    <PropertyGroup Condition="'$(Config)'=='Base' or '$(Base)'!=''">
        <Base>true</Base>
    </PropertyGroup>
    <PropertyGroup Condition="('$(Platform)'=='Linux64' and '$(Base)'=='true') or '$(Base_Linux64)'!=''">
        <Base_Linux64>true</Base_Linux64>
        <CfgParent>Base</CfgParent>
        <Base>true</Base>
    </PropertyGroup>
    <PropertyGroup Condition="('$(Platform)'=='Win32' and '$(Base)'=='true') or '$(Base_Win32)'!=''">
        <Base_Win32>true</Base_Win32>
        <CfgParent>Base</CfgParent>
        <Base>true</Base>
    </PropertyGroup>
    <PropertyGroup Condition="'$(Config)'=='Debug' or '$(Cfg_1)'!=''">
        <Cfg_1>true</Cfg_1>
        <CfgParent>Base</CfgParent>
        <Base>true</Base>
    </PropertyGroup>
    <PropertyGroup Condition="('$(Platform)'=='Linux64' and '$(Cfg_1)'=='true') or '$(Cfg_1_Linux64)'!=''">
        <Cfg_1_Linux64>true</Cfg_1_Linux64>
        <CfgParent>Cfg_1</CfgParent>
        <Cfg_1>true</Cfg_1>
        <Base>true</Base>
    </PropertyGroup>
    <PropertyGroup Condition="('$(Platform)'=='Win32' and '$(Cfg_1)'=='true') or '$(Cfg_1_Win32)'!=''">
        <Cfg_1_Win32>true</Cfg_1_Win32>
        <CfgParent>Cfg_1</CfgParent>
        <Cfg_1>true</Cfg_1>
        <Base>true</Base>
    </PropertyGroup>
    <PropertyGroup Condition="'$(Config)'=='Release' or '$(Cfg_2)'!=''">
        <Cfg_2>true</Cfg_2>
        <CfgParent>Base</CfgParent>
        <Base>true</Base>
    </PropertyGroup>
    <PropertyGroup Condition="('$(Platform)'=='Linux64' and '$(Cfg_2)'=='true') or '$(Cfg_2_Linux64)'!=''">
        <Cfg_2_Linux64>true</Cfg_2_Linux64>
        <CfgParent>Cfg_2</CfgParent>
        <Cfg_2>true</Cfg_2>
        <Base>true</Base>
    </PropertyGroup>
    <PropertyGroup Condition="'$(Base)'!=''">
        <SanitizedProjectName>mod_cardgame</SanitizedProjectName>
        <DCC_BplOutput>..\out\lib\bpl</DCC_BplOutput>
        <DCC_DcuOutput>..\out\lib\$(Platform)\$(Config)</DCC_DcuOutput>
        <DCC_ExeOutput>..\out\bin\$(Platform)\$(Config)</DCC_ExeOutput>
        <DCC_Namespace>System;Xml;Data;Datasnap;Web;Soap;$(DCC_Namespace)</DCC_Namespace>
        <DCC_UnitSearchPath>units;modules;forms;..\dependencies\deREST\src\units;..\dependencies\deREST\src\units\implementation;$(DCC_UnitSearchPath)</DCC_UnitSearchPath>
        <GenDll>true</GenDll>
        <Icns_MainIcns>$(BDS)\bin\delphi_PROJECTICNS.icns</Icns_MainIcns>
        <Icon_MainIcon>$(BDS)\bin\delphi_PROJECTICON.ico</Icon_MainIcon>
    </PropertyGroup>
    <PropertyGroup Condition="'$(Base_Linux64)'!=''">
        <DCC_AllowUndefined>true</DCC_AllowUndefined>
        <DCC_UsePackage>FireDACADSDriver;FireDACMSSQLDriver;RESTBackendComponents;bindengine;CloudService;FireDACMySQLDriver;DataSnapClient;IndySystem;FireDACInfxDriver;emshosting;FireDACTDataDriver;soaprtl;DbxCommonDriver;xmlrtl;soapmidas;DataSnapNativeClient;rtl;emsserverresource;DbxClientDriver;LockBox3DR;FireDACODBCDriver;DataSnapIndy10ServerTransport;FireDACMongoDBDriver;DataSnapServerMidas;RESTComponents;emsclientfiredac;DataSnapFireDAC;DatasnapConnectorsFreePascal;inetdb;emsedge;FireDACIBDriver;dbexpress;IndyCore;dsnap;emsclient;DataSnapCommon;FireDACCommon;DataSnapConnectors;soapserver;FireDACOracleDriver;FireDACCommonODBC;FireDACCommonDriver;inet;FireDACDb2Driver;FireDAC;FireDACSqliteDriver;FireDACPgDriver;FireDACASADriver;DataSnapServer;CustomIPTransport;bindcomp;dbxcds;dsnapxml;dbrtl;IndyProtocols;$(DCC_UsePackage)</DCC_UsePackage>
    </PropertyGroup>
    <PropertyGroup Condition="'$(Base_Win32)'!=''">
        <BT_BuildType>Debug</BT_BuildType>
        <DCC_Namespace>Winapi;System.Win;Data.Win;Datasnap.Win;Web.Win;Soap.Win;Xml.Win;Bde;$(DCC_Namespace)</DCC_Namespace>
        <DCC_UsePackage>DBXSqliteDriver;dxFlowChartRS26;dxPSdxMapControlLnkRS26;DBXDb2Driver;FMXContainer_Runtime_X102Tokyo;vclactnband;dxBarRS26;vclFireDAC;dxFireDACEMFRS26;tethering;dxSpreadSheetInplaceRichEditRS26;FireDACADSDriver;dxRichEditCoreRS26;dxPSdxSpreadSheetLnkRS26;FireDACMSSQLDriver;vcltouch;ISAM;vcldb;svn;dxGDIPlusRS26;dxPSdxFCLnkRS26;dxPSLnksRS26;FireDACDBXDriver;cxGridRS26;dxPsPrVwAdvRS26;dxPDFViewerRS26;fmxgtxDocumentStudioControls;vclx;dxPScxTLLnkRS26;RESTBackendComponents;VCLRESTComponents;PrintFormXE;vclie;bindengine;CloudService;dxmdsRS26;FireDACMySQLDriver;dxdborRS26;DataSnapClient;bindcompdbx;DBXSybaseASEDriver;IndyIPServer;cxPivotGridRS26;IndySystem;cxTreeListdxBarPopupMenuRS26;dsnapcon;cxTreeListRS26;dxPScxPivotGridLnkRS26;cxSchedulerRibbonStyleEventEditorRS26;dxPSCoreRS26;FireDACMSAccDriver;fmxFireDAC;FireDACInfxDriver;vclimg;dxSpreadSheetRS26;dxBarExtItemsRS26;dxPSdxGaugeControlLnkRS26;emshosting;DBXOdbcDriver;FireDACTDataDriver;FMXTee;dxdbtrRS26;dxRichEditControlCoreRS26;soaprtl;DbxCommonDriver;dxFlowChartAdvancedCustomizeFormRS26;dxDockingRS26;xmlrtl;soapmidas;DataSnapNativeClient;fmxobj;cxLibraryRS26;rtl;emsserverresource;DbxClientDriver;FDK;DBXSybaseASADriver;dxPScxSchedulerLnkRS26;dxSpreadSheetConditionalFormattingDialogsRS26;appanalytics;dxRibbonCustomizationFormRS26;cxSchedulerGridRS26;nTrayIcon;IndyIPClient;LockBox3DR;bindcompvcl;TeeUI;dxADOEMFRS26;VclSmp;FireDACODBCDriver;dxRibbonRS26;DataSnapIndy10ServerTransport;dxPScxCommonRS26;dxRichEditDocumentModelRS26;DataSnapProviderClient;FireDACMongoDBDriver;dxPScxGridLnkRS26;FDKCore;dxSpreadSheetCoreRS26;DataSnapServerMidas;RESTComponents;DBXInterBaseDriver;dxPScxExtCommonRS26;emsclientfiredac;DataSnapFireDAC;svnui;DBXMSSQLDriver;GLScene_RT;DatasnapConnectorsFreePascal;dxRichEditControlRS26;dxGaugeControlRS26;dxorgcRS26;dxPScxVGridLnkRS26;bindcompfmx;DBXOracleDriver;inetdb;dxBarDBNavRS26;NCSFramework;FmxTeeUI;emsedge;fmx;FireDACIBDriver;fmxdae;dxWizardControlRS26;dxTabbedMDIRS26;dxEMFRS26;dbexpress;IndyCore;dxComnRS26;vclgtxDocumentStudioControls;dGameDebugViewer;dsnap;emsclient;DataSnapCommon;FireDACCommon;DataSnapConnectors;cxSchedulerTreeBrowserRS26;soapserver;cxPivotGridOLAPRS26;cxVerticalGridRS26;dxtrmdRS26;FireDACOracleDriver;DBXMySQLDriver;cxSchedulerRS26;dxPSdxLCLnkRS26;DBXFirebirdDriver;FireDACCommonODBC;FireDACCommonDriver;dxMapControlRS26;inet;dxSpellCheckerRS26;IndyIPCommon;dxSpreadSheetCoreConditionalFormattingDialogsRS26;vcl;GLScene_Parallel_RT;dxPSdxDBOCLnkRS26;FireDACDb2Driver;dxSpreadSheetReportDesignerRS26;dxPScxPCProdRS26;dxNavBarRS26;dxCoreRS26;cxExportRS26;TeeDB;FireDAC;dxHttpIndyRequestRS26;dxPSPrVwRibbonRS26;FireDACSqliteDriver;FireDACPgDriver;dxPSRichEditControlLnkRS26;FireDACASADriver;cxPivotGridChartRS26;Tee;DataSnapServer;dxPSdxDBTVLnkRS26;vclwinx;FireDACDSDriver;dxTileControlRS26;dxSkinsCoreRS26;CustomIPTransport;vcldsnap;bindcomp;dxPSdxOCLnkRS26;DBXInformixDriver;EasyWebRun_D10;dbxcds;adortl;dxSpreadSheetCoreDialogsRS26;dxBarExtDBItemsRS26;dsnapxml;dbrtl;IndyProtocols;inetdbxpress;dxPSdxPDFViewerLnkRS26;dxRichEditInplaceRS26;fmxase;$(DCC_UsePackage)</DCC_UsePackage>
        <VerInfo_IncludeVerInfo>true</VerInfo_IncludeVerInfo>
        <VerInfo_Keys>CompanyName=;FileDescription=$(MSBuildProjectName);FileVersion=1.0.0.0;InternalName=;LegalCopyright=;LegalTrademarks=;OriginalFilename=;ProgramID=com.embarcadero.$(MSBuildProjectName);ProductName=$(MSBuildProjectName);ProductVersion=1.0.0.0;Comments=</VerInfo_Keys>
        <VerInfo_Locale>1033</VerInfo_Locale>
    </PropertyGroup>
    <PropertyGroup Condition="'$(Cfg_1)'!=''">
        <DCC_DebugDCUs>true</DCC_DebugDCUs>
        <DCC_DebugInfoInExe>true</DCC_DebugInfoInExe>
        <DCC_Define>DEBUG;$(DCC_Define)</DCC_Define>
        <DCC_GenerateStackFrames>true</DCC_GenerateStackFrames>
        <DCC_Optimize>false</DCC_Optimize>
        <DCC_RemoteDebug>true</DCC_RemoteDebug>
    </PropertyGroup>
    <PropertyGroup Condition="'$(Cfg_1_Linux64)'!=''">
        <Debugger_Launcher>/usr/bin/xterm -e &quot;%debuggee%&quot;</Debugger_Launcher>
        <Manifest_File>(None)</Manifest_File>
    </PropertyGroup>
    <PropertyGroup Condition="'$(Cfg_1_Win32)'!=''">
        <DCC_RemoteDebug>false</DCC_RemoteDebug>
    </PropertyGroup>
    <PropertyGroup Condition="'$(Cfg_2)'!=''">
        <DCC_DebugInformation>0</DCC_DebugInformation>
        <DCC_Define>RELEASE;$(DCC_Define)</DCC_Define>
        <DCC_LocalDebugSymbols>false</DCC_LocalDebugSymbols>
        <DCC_SymbolReferenceInfo>0</DCC_SymbolReferenceInfo>
    </PropertyGroup>
    <PropertyGroup Condition="'$(Cfg_2_Linux64)'!=''">
        <Debugger_Launcher>/usr/bin/xterm -e &quot;%debuggee%&quot;</Debugger_Launcher>
        <Manifest_File>(None)</Manifest_File>
    </PropertyGroup>
    <ItemGroup>
        <DelphiCompile Include="$(MainSource)">
            <MainSource>MainSource</MainSource>
        </DelphiCompile>
        <DCCReference Include="modules\WebMainModel.pas">
            <Form>WebModule4</Form>
            <FormType>dfm</FormType>
            <DesignClass>TWebModule</DesignClass>
        </DCCReference>
        <BuildConfiguration Include="Base">
            <Key>Base</Key>
        </BuildConfiguration>
        <BuildConfiguration Include="Debug">
            <Key>Cfg_1</Key>
            <CfgParent>Base</CfgParent>
        </BuildConfiguration>
        <BuildConfiguration Include="Release">
            <Key>Cfg_2</Key>
            <CfgParent>Base</CfgParent>
        </BuildConfiguration>
    </ItemGroup>
    <ProjectExtensions>
        <Borland.Personality>Delphi.Personality.12</Borland.Personality>
        <Borland.ProjectType>Library</Borland.ProjectType>
        <BorlandProject>
            <Delphi.Personality>
                <Source>
                    <Source Name="MainSource">mod_cardgame.dpr</Source>
                </Source>
                <Excluded_Packages/>
            </Delphi.Personality>
            <Deployment Version="3">
                <DeployFile LocalName="Linux64\Debug\libmod_cardgame.so" Configuration="Debug" Class="ProjectOutput">
                    <Platform Name="Linux64">
                        <RemoteName>libmod_cardgame.so</RemoteName>
                        <Overwrite>true</Overwrite>
                    </Platform>
                </DeployFile>
                <DeployFile LocalName="Win32\Debug\mod_cardgame.dll" Configuration="Debug" Class="ProjectOutput">
                    <Platform Name="Win32">
                        <RemoteName>mod_cardgame.dll</RemoteName>
                        <Overwrite>true</Overwrite>
                    </Platform>
                </DeployFile>
                <DeployClass Name="AdditionalDebugSymbols">
                    <Platform Name="Win32">
                        <Operation>0</Operation>
                    </Platform>
                </DeployClass>
                <DeployClass Name="DebugSymbols">
                    <Platform Name="Win32">
                        <Operation>0</Operation>
                    </Platform>
                </DeployClass>
                <DeployClass Name="DependencyFramework">
                    <Platform Name="Win32">
                        <Operation>0</Operation>
                    </Platform>
                </DeployClass>
                <DeployClass Name="DependencyModule">
                    <Platform Name="Win32">
                        <Operation>0</Operation>
                        <Extensions>.dll;.bpl</Extensions>
                    </Platform>
                </DeployClass>
                <DeployClass Required="true" Name="DependencyPackage">
                    <Platform Name="Win32">
                        <Operation>0</Operation>
                        <Extensions>.bpl</Extensions>
                    </Platform>
                </DeployClass>
                <DeployClass Name="File">
                    <Platform Name="Win32">
                        <Operation>0</Operation>
                    </Platform>
                </DeployClass>
                <DeployClass Required="true" Name="ProjectOutput">
                    <Platform Name="Linux64">
                        <Operation>1</Operation>
                    </Platform>
                    <Platform Name="Win32">
                        <Operation>0</Operation>
                    </Platform>
                </DeployClass>
                <DeployClass Name="ProjectUWPManifest">
                    <Platform Name="Win32">
                        <Operation>1</Operation>
                    </Platform>
                </DeployClass>
                <DeployClass Name="UWP_DelphiLogo150">
                    <Platform Name="Win32">
                        <RemoteDir>Assets</RemoteDir>
                        <Operation>1</Operation>
                    </Platform>
                </DeployClass>
                <DeployClass Name="UWP_DelphiLogo44">
                    <Platform Name="Win32">
                        <RemoteDir>Assets</RemoteDir>
                        <Operation>1</Operation>
                    </Platform>
                </DeployClass>
                <ProjectRoot Platform="Linux64" Name="$(PROJECTNAME)"/>
                <ProjectRoot Platform="Win32" Name="$(PROJECTNAME)"/>
            </Deployment>
            <Platforms>
                <Platform value="Android">False</Platform>
                <Platform value="Android64">False</Platform>
                <Platform value="Linux64">True</Platform>
                <Platform value="OSX32">False</Platform>
                <Platform value="OSX64">False</Platform>
                <Platform value="Win32">True</Platform>
                <Platform value="Win64">False</Platform>
                <Platform value="iOSDevice32">False</Platform>
                <Platform value="iOSDevice64">False</Platform>
                <Platform value="iOSSimulator">False</Platform>
            </Platforms>
        </BorlandProject>
        <ProjectFileVersion>12</ProjectFileVersion>
    </ProjectExtensions>
    <Import Project="$(BDS)\Bin\CodeGear.Delphi.Targets" Condition="Exists('$(BDS)\Bin\CodeGear.Delphi.Targets')"/>
    <Import Project="$(APPDATA)\Embarcadero\$(BDSAPPDATABASEDIR)\$(PRODUCTVERSION)\UserTools.proj" Condition="Exists('$(APPDATA)\Embarcadero\$(BDSAPPDATABASEDIR)\$(PRODUCTVERSION)\UserTools.proj')"/>
    <Import Project="$(MSBuildProjectName).deployproj" Condition="Exists('$(MSBuildProjectName).deployproj')"/>
</Project>
